
Microsoft Visual Studio Solution File, Format Version 12.00
# Visual Studio 15
VisualStudioVersion = 15.0.27004.2002
MinimumVisualStudioVersion = 10.0.40219.1
Project("{FAE04EC0-301F-11D3-BF4B-00C04F79EFBC}") = "VaultLib", "VaultLib\VaultLib.csproj", "{79FD6F76-A975-4D80-92C8-9CD0E9701130}"
EndProject
Project("{FAE04EC0-301F-11D3-BF4B-00C04F79EFBC}") = "VaultCLI", "VaultCLI\VaultCLI.csproj", "{A9F47BDC-06E0-4C38-A96D-6D3C2DF680E5}"
EndProject
Global
	GlobalSection(SolutionConfigurationPlatforms) = preSolution
		Debug|Any CPU = Debug|Any CPU
		Release|Any CPU = Release|Any CPU
	EndGlobalSection
	GlobalSection(ProjectConfigurationPlatforms) = postSolution
		{79FD6F76-A975-4D80-92C8-9CD0E9701130}.Debug|Any CPU.ActiveCfg = Debug|Any CPU
		{79FD6F76-A975-4D80-92C8-9CD0E9701130}.Debug|Any CPU.Build.0 = Debug|Any CPU
		{79FD6F76-A975-4D80-92C8-9CD0E9701130}.Release|Any CPU.ActiveCfg = Release|Any CPU
		{79FD6F76-A975-4D80-92C8-9CD0E9701130}.Release|Any CPU.Build.0 = Release|Any CPU
		{A9F47BDC-06E0-4C38-A96D-6D3C2DF680E5}.Debug|Any CPU.ActiveCfg = Debug|Any CPU
		{A9F47BDC-06E0-4C38-A96D-6D3C2DF680E5}.Debug|Any CPU.Build.0 = Debug|Any CPU
		{A9F47BDC-06E0-4C38-A96D-6D3C2DF680E5}.Release|Any CPU.ActiveCfg = Release|Any CPU
		{A9F47BDC-06E0-4C38-A96D-6D3C2DF680E5}.Release|Any CPU.Build.0 = Release|Any CPU
	EndGlobalSection
	GlobalSection(SolutionProperties) = preSolution
		HideSolutionNode = FALSE
	EndGlobalSection
	GlobalSection(ExtensibilityGlobals) = postSolution
		SolutionGuid = {97678127-17D0-4982-80E5-5EDCAA4870D6}
	EndGlobalSection
EndGlobal
